
Microsoft Visual Studio Solution File, Format Version 12.00
# Visual Studio 2012
Project("{FAE04EC0-301F-11D3-BF4B-00C04F79EFBC}") = "first-try", "first-try\first-try.csproj", "{CAF11E23-518A-4B80-90E5-7C9F160B84AF}"
EndProject
Project("{2150E333-8FDC-42A3-9474-1A3956D46DE8}") = "Solution Items", "Solution Items", "{6F857F0F-2669-4B00-9ECC-3238BD8B2AAF}"
	ProjectSection(SolutionItems) = preProject
		ReadMe.md = ReadMe.md
		WE-Markdown.css = WE-Markdown.css
		WE-settings.xml = WE-settings.xml
	EndProjectSection
EndProject
Project("{FAE04EC0-301F-11D3-BF4B-00C04F79EFBC}") = "AngularTutorials", "AngularTutorials\AngularTutorials.csproj", "{AB6B7D98-13BA-4DD5-BB00-CA31C52CBF3C}"
EndProject
Project("{FAE04EC0-301F-11D3-BF4B-00C04F79EFBC}") = "TypeScriptQuickStart", "TypeScriptQuickStart\TypeScriptQuickStart.csproj", "{120A3196-8976-44C8-BA76-489FC2D50BB4}"
EndProject
Project("{FAE04EC0-301F-11D3-BF4B-00C04F79EFBC}") = "TypeScript-Language-Specs-Playground", "TypeScript-Language-Specs-Playground\TypeScript-Language-Specs-Playground.csproj", "{7C94E02F-14EB-4DD1-BBD3-6F503331E21B}"
EndProject
Project("{FAE04EC0-301F-11D3-BF4B-00C04F79EFBC}") = "Novaleaf-Core-Libraries", "..\Novaleaf-Core-Libraries\Novaleaf-Core-Libraries.csproj", "{D8391FE6-7B31-47F0-A12F-78BB3B4CA1D4}"
EndProject
Global
	GlobalSection(SolutionConfigurationPlatforms) = preSolution
		Debug|Any CPU = Debug|Any CPU
		Release|Any CPU = Release|Any CPU
	EndGlobalSection
	GlobalSection(ProjectConfigurationPlatforms) = postSolution
		{CAF11E23-518A-4B80-90E5-7C9F160B84AF}.Debug|Any CPU.ActiveCfg = Debug|Any CPU
		{CAF11E23-518A-4B80-90E5-7C9F160B84AF}.Debug|Any CPU.Build.0 = Debug|Any CPU
		{CAF11E23-518A-4B80-90E5-7C9F160B84AF}.Release|Any CPU.ActiveCfg = Release|Any CPU
		{CAF11E23-518A-4B80-90E5-7C9F160B84AF}.Release|Any CPU.Build.0 = Release|Any CPU
		{AB6B7D98-13BA-4DD5-BB00-CA31C52CBF3C}.Debug|Any CPU.ActiveCfg = Debug|Any CPU
		{AB6B7D98-13BA-4DD5-BB00-CA31C52CBF3C}.Debug|Any CPU.Build.0 = Debug|Any CPU
		{AB6B7D98-13BA-4DD5-BB00-CA31C52CBF3C}.Release|Any CPU.ActiveCfg = Release|Any CPU
		{AB6B7D98-13BA-4DD5-BB00-CA31C52CBF3C}.Release|Any CPU.Build.0 = Release|Any CPU
		{120A3196-8976-44C8-BA76-489FC2D50BB4}.Debug|Any CPU.ActiveCfg = Debug|Any CPU
		{120A3196-8976-44C8-BA76-489FC2D50BB4}.Debug|Any CPU.Build.0 = Debug|Any CPU
		{120A3196-8976-44C8-BA76-489FC2D50BB4}.Release|Any CPU.ActiveCfg = Release|Any CPU
		{120A3196-8976-44C8-BA76-489FC2D50BB4}.Release|Any CPU.Build.0 = Release|Any CPU
		{7C94E02F-14EB-4DD1-BBD3-6F503331E21B}.Debug|Any CPU.ActiveCfg = Debug|Any CPU
		{7C94E02F-14EB-4DD1-BBD3-6F503331E21B}.Debug|Any CPU.Build.0 = Debug|Any CPU
		{7C94E02F-14EB-4DD1-BBD3-6F503331E21B}.Release|Any CPU.ActiveCfg = Release|Any CPU
		{7C94E02F-14EB-4DD1-BBD3-6F503331E21B}.Release|Any CPU.Build.0 = Release|Any CPU
		{D8391FE6-7B31-47F0-A12F-78BB3B4CA1D4}.Debug|Any CPU.ActiveCfg = Debug|Any CPU
		{D8391FE6-7B31-47F0-A12F-78BB3B4CA1D4}.Debug|Any CPU.Build.0 = Debug|Any CPU
		{D8391FE6-7B31-47F0-A12F-78BB3B4CA1D4}.Release|Any CPU.ActiveCfg = Release|Any CPU
		{D8391FE6-7B31-47F0-A12F-78BB3B4CA1D4}.Release|Any CPU.Build.0 = Release|Any CPU
	EndGlobalSection
	GlobalSection(SolutionProperties) = preSolution
		HideSolutionNode = FALSE
	EndGlobalSection
EndGlobal
