
Microsoft Visual Studio Solution File, Format Version 12.00
# Visual Studio 2012
Project("{FAE04EC0-301F-11D3-BF4B-00C04F79EFBC}") = "first-try", "first-try\first-try.csproj", "{CAF11E23-518A-4B80-90E5-7C9F160B84AF}"
EndProject
Global
	GlobalSection(SolutionConfigurationPlatforms) = preSolution
		Debug|Any CPU = Debug|Any CPU
		Release|Any CPU = Release|Any CPU
	EndGlobalSection
	GlobalSection(ProjectConfigurationPlatforms) = postSolution
		{CAF11E23-518A-4B80-90E5-7C9F160B84AF}.Debug|Any CPU.ActiveCfg = Debug|Any CPU
		{CAF11E23-518A-4B80-90E5-7C9F160B84AF}.Debug|Any CPU.Build.0 = Debug|Any CPU
		{CAF11E23-518A-4B80-90E5-7C9F160B84AF}.Release|Any CPU.ActiveCfg = Release|Any CPU
		{CAF11E23-518A-4B80-90E5-7C9F160B84AF}.Release|Any CPU.Build.0 = Release|Any CPU
	EndGlobalSection
	GlobalSection(SolutionProperties) = preSolution
		HideSolutionNode = FALSE
	EndGlobalSection
EndGlobal
